
Microsoft Visual Studio Solution File, Format Version 12.00
# Visual Studio Version 16
VisualStudioVersion = 16.0.30011.22
MinimumVisualStudioVersion = 10.0.40219.1
Project("{2150E333-8FDC-42A3-9474-1A3956D46DE8}") = "1-Application", "1-Application", "{95F89C87-1AAD-4988-82DB-49106C832124}"
EndProject
Project("{2150E333-8FDC-42A3-9474-1A3956D46DE8}") = "2-Domain", "2-Domain", "{A455F534-277C-4166-8EED-02A845C83139}"
EndProject
Project("{2150E333-8FDC-42A3-9474-1A3956D46DE8}") = "4-Infra", "4-Infra", "{8EAE4313-57CE-4C57-8BF2-C8C25A818265}"
EndProject
Project("{2150E333-8FDC-42A3-9474-1A3956D46DE8}") = "5-Test", "5-Test", "{F5162BE9-F265-46A5-8447-263C865A8C4D}"
EndProject
Project("{9A19103F-16F7-4668-BE54-9A1E7A4F7556}") = "Product.Api", "Tabacaria.Api\Product.Api.csproj", "{401F525C-04B8-4E95-9297-503EB91400E3}"
	ProjectSection(ProjectDependencies) = postProject
		{B2B53CE1-925C-48DB-929C-301B48BC351D} = {B2B53CE1-925C-48DB-929C-301B48BC351D}
	EndProjectSection
EndProject
Project("{9A19103F-16F7-4668-BE54-9A1E7A4F7556}") = "Tabacaria.Domain", "Tabacaria.Domain\Tabacaria.Domain.csproj", "{CF15B6BF-5E70-4B16-B2B1-ECB0AD54F90D}"
EndProject
Project("{9A19103F-16F7-4668-BE54-9A1E7A4F7556}") = "Tabacaria.Infra", "Tabacaria.Infra\Tabacaria.Infra.csproj", "{329F2BDD-CDAC-4193-8E31-CC9DB17E0553}"
EndProject
Project("{9A19103F-16F7-4668-BE54-9A1E7A4F7556}") = "Tabacaria.Test", "Tabacaria.Test\Tabacaria.Test.csproj", "{AC2D4D93-E156-4670-847C-A988CDB1E512}"
EndProject
Project("{2150E333-8FDC-42A3-9474-1A3956D46DE8}") = "0-Foundation", "0-Foundation", "{F4AF67AC-778D-4CB0-B936-A45ED118A61C}"
EndProject
Project("{2150E333-8FDC-42A3-9474-1A3956D46DE8}") = "1-Application", "1-Application", "{64896F8C-8539-4A0A-8715-1164615B0AD0}"
EndProject
Project("{2150E333-8FDC-42A3-9474-1A3956D46DE8}") = "2-Domain", "2-Domain", "{1DB6ED06-4490-4819-BDCB-FBA1B2296C8D}"
EndProject
Project("{2150E333-8FDC-42A3-9474-1A3956D46DE8}") = "3-Infra", "3-Infra", "{014A65FC-2CDC-4706-BE58-A19F1D0518AC}"
EndProject
Project("{2150E333-8FDC-42A3-9474-1A3956D46DE8}") = "4-Test", "4-Test", "{0F82FF4D-2AF0-4ACB-99F9-88DCBDCFAA84}"
EndProject
Project("{9A19103F-16F7-4668-BE54-9A1E7A4F7556}") = "Tabacaria.Foundation.Api", "Product.Foundation.Api\Tabacaria.Foundation.Api.csproj", "{693E80E0-6D07-4067-8F3A-E2B717975D95}"
EndProject
Project("{9A19103F-16F7-4668-BE54-9A1E7A4F7556}") = "Tabacaria.Foundation.Domain", "Product.Foundation.Domain\Tabacaria.Foundation.Domain.csproj", "{B2B53CE1-925C-48DB-929C-301B48BC351D}"
EndProject
Project("{2150E333-8FDC-42A3-9474-1A3956D46DE8}") = "3-Core", "3-Core", "{24824CFF-E0C7-4E9A-A061-A950291EC77A}"
EndProject
Project("{9A19103F-16F7-4668-BE54-9A1E7A4F7556}") = "Tabacaria.Core", "Tabacaria.Core\Tabacaria.Core.csproj", "{65FD9A0B-D503-4D06-BA33-8A60F844A8CA}"
EndProject
Project("{FAE04EC0-301F-11D3-BF4B-00C04F79EFBC}") = "Tabacaria.Foundation.Infra", "Tabacaria.Foundation.Infra\Tabacaria.Foundation.Infra.csproj", "{A8BF6AF7-AF4A-44BC-AE5E-7D6D13F5563A}"
EndProject
Global
	GlobalSection(SolutionConfigurationPlatforms) = preSolution
		Debug|Any CPU = Debug|Any CPU
		Release|Any CPU = Release|Any CPU
	EndGlobalSection
	GlobalSection(ProjectConfigurationPlatforms) = postSolution
		{401F525C-04B8-4E95-9297-503EB91400E3}.Debug|Any CPU.ActiveCfg = Debug|Any CPU
		{401F525C-04B8-4E95-9297-503EB91400E3}.Debug|Any CPU.Build.0 = Debug|Any CPU
		{401F525C-04B8-4E95-9297-503EB91400E3}.Release|Any CPU.ActiveCfg = Release|Any CPU
		{401F525C-04B8-4E95-9297-503EB91400E3}.Release|Any CPU.Build.0 = Release|Any CPU
		{CF15B6BF-5E70-4B16-B2B1-ECB0AD54F90D}.Debug|Any CPU.ActiveCfg = Debug|Any CPU
		{CF15B6BF-5E70-4B16-B2B1-ECB0AD54F90D}.Debug|Any CPU.Build.0 = Debug|Any CPU
		{CF15B6BF-5E70-4B16-B2B1-ECB0AD54F90D}.Release|Any CPU.ActiveCfg = Release|Any CPU
		{CF15B6BF-5E70-4B16-B2B1-ECB0AD54F90D}.Release|Any CPU.Build.0 = Release|Any CPU
		{329F2BDD-CDAC-4193-8E31-CC9DB17E0553}.Debug|Any CPU.ActiveCfg = Debug|Any CPU
		{329F2BDD-CDAC-4193-8E31-CC9DB17E0553}.Debug|Any CPU.Build.0 = Debug|Any CPU
		{329F2BDD-CDAC-4193-8E31-CC9DB17E0553}.Release|Any CPU.ActiveCfg = Release|Any CPU
		{329F2BDD-CDAC-4193-8E31-CC9DB17E0553}.Release|Any CPU.Build.0 = Release|Any CPU
		{AC2D4D93-E156-4670-847C-A988CDB1E512}.Debug|Any CPU.ActiveCfg = Debug|Any CPU
		{AC2D4D93-E156-4670-847C-A988CDB1E512}.Debug|Any CPU.Build.0 = Debug|Any CPU
		{AC2D4D93-E156-4670-847C-A988CDB1E512}.Release|Any CPU.ActiveCfg = Release|Any CPU
		{AC2D4D93-E156-4670-847C-A988CDB1E512}.Release|Any CPU.Build.0 = Release|Any CPU
		{693E80E0-6D07-4067-8F3A-E2B717975D95}.Debug|Any CPU.ActiveCfg = Debug|Any CPU
		{693E80E0-6D07-4067-8F3A-E2B717975D95}.Debug|Any CPU.Build.0 = Debug|Any CPU
		{693E80E0-6D07-4067-8F3A-E2B717975D95}.Release|Any CPU.ActiveCfg = Release|Any CPU
		{693E80E0-6D07-4067-8F3A-E2B717975D95}.Release|Any CPU.Build.0 = Release|Any CPU
		{B2B53CE1-925C-48DB-929C-301B48BC351D}.Debug|Any CPU.ActiveCfg = Debug|Any CPU
		{B2B53CE1-925C-48DB-929C-301B48BC351D}.Debug|Any CPU.Build.0 = Debug|Any CPU
		{B2B53CE1-925C-48DB-929C-301B48BC351D}.Release|Any CPU.ActiveCfg = Release|Any CPU
		{B2B53CE1-925C-48DB-929C-301B48BC351D}.Release|Any CPU.Build.0 = Release|Any CPU
		{65FD9A0B-D503-4D06-BA33-8A60F844A8CA}.Debug|Any CPU.ActiveCfg = Debug|Any CPU
		{65FD9A0B-D503-4D06-BA33-8A60F844A8CA}.Debug|Any CPU.Build.0 = Debug|Any CPU
		{65FD9A0B-D503-4D06-BA33-8A60F844A8CA}.Release|Any CPU.ActiveCfg = Release|Any CPU
		{65FD9A0B-D503-4D06-BA33-8A60F844A8CA}.Release|Any CPU.Build.0 = Release|Any CPU
		{A8BF6AF7-AF4A-44BC-AE5E-7D6D13F5563A}.Debug|Any CPU.ActiveCfg = Debug|Any CPU
		{A8BF6AF7-AF4A-44BC-AE5E-7D6D13F5563A}.Debug|Any CPU.Build.0 = Debug|Any CPU
		{A8BF6AF7-AF4A-44BC-AE5E-7D6D13F5563A}.Release|Any CPU.ActiveCfg = Release|Any CPU
		{A8BF6AF7-AF4A-44BC-AE5E-7D6D13F5563A}.Release|Any CPU.Build.0 = Release|Any CPU
	EndGlobalSection
	GlobalSection(SolutionProperties) = preSolution
		HideSolutionNode = FALSE
	EndGlobalSection
	GlobalSection(NestedProjects) = preSolution
		{401F525C-04B8-4E95-9297-503EB91400E3} = {95F89C87-1AAD-4988-82DB-49106C832124}
		{CF15B6BF-5E70-4B16-B2B1-ECB0AD54F90D} = {A455F534-277C-4166-8EED-02A845C83139}
		{329F2BDD-CDAC-4193-8E31-CC9DB17E0553} = {8EAE4313-57CE-4C57-8BF2-C8C25A818265}
		{AC2D4D93-E156-4670-847C-A988CDB1E512} = {F5162BE9-F265-46A5-8447-263C865A8C4D}
		{64896F8C-8539-4A0A-8715-1164615B0AD0} = {F4AF67AC-778D-4CB0-B936-A45ED118A61C}
		{1DB6ED06-4490-4819-BDCB-FBA1B2296C8D} = {F4AF67AC-778D-4CB0-B936-A45ED118A61C}
		{014A65FC-2CDC-4706-BE58-A19F1D0518AC} = {F4AF67AC-778D-4CB0-B936-A45ED118A61C}
		{0F82FF4D-2AF0-4ACB-99F9-88DCBDCFAA84} = {F4AF67AC-778D-4CB0-B936-A45ED118A61C}
		{693E80E0-6D07-4067-8F3A-E2B717975D95} = {64896F8C-8539-4A0A-8715-1164615B0AD0}
		{B2B53CE1-925C-48DB-929C-301B48BC351D} = {1DB6ED06-4490-4819-BDCB-FBA1B2296C8D}
		{65FD9A0B-D503-4D06-BA33-8A60F844A8CA} = {24824CFF-E0C7-4E9A-A061-A950291EC77A}
		{A8BF6AF7-AF4A-44BC-AE5E-7D6D13F5563A} = {014A65FC-2CDC-4706-BE58-A19F1D0518AC}
	EndGlobalSection
	GlobalSection(ExtensibilityGlobals) = postSolution
		SolutionGuid = {E1BDB968-9DA5-437F-BEB2-62862B5DE235}
	EndGlobalSection
EndGlobal
